
Microsoft Visual Studio Solution File, Format Version 12.00
# Visual Studio Version 17
VisualStudioVersion = 17.12.35707.178 d17.12
MinimumVisualStudioVersion = 10.0.40219.1
Project("{FAE04EC0-301F-11D3-BF4B-00C04F79EFBC}") = "ProductManagement", "ProductManagement\ProductManagement.csproj", "{F99AA13E-AA45-4D30-99B9-5A4C529C330B}"
EndProject
Global
	GlobalSection(SolutionConfigurationPlatforms) = preSolution
		Debug|Any CPU = Debug|Any CPU
		Release|Any CPU = Release|Any CPU
	EndGlobalSection
	GlobalSection(ProjectConfigurationPlatforms) = postSolution
		{F99AA13E-AA45-4D30-99B9-5A4C529C330B}.Debug|Any CPU.ActiveCfg = Debug|Any CPU
		{F99AA13E-AA45-4D30-99B9-5A4C529C330B}.Debug|Any CPU.Build.0 = Debug|Any CPU
		{F99AA13E-AA45-4D30-99B9-5A4C529C330B}.Release|Any CPU.ActiveCfg = Release|Any CPU
		{F99AA13E-AA45-4D30-99B9-5A4C529C330B}.Release|Any CPU.Build.0 = Release|Any CPU
	EndGlobalSection
	GlobalSection(SolutionProperties) = preSolution
		HideSolutionNode = FALSE
	EndGlobalSection
EndGlobal
